
Microsoft Visual Studio Solution File, Format Version 12.00
# Visual Studio Version 17
VisualStudioVersion = 17.8.34931.61
MinimumVisualStudioVersion = 10.0.40219.1
Project("{9A19103F-16F7-4668-BE54-9A1E7A4F7556}") = "ReportDemo", "ReportDemo\ReportDemo.csproj", "{A98C796C-B879-4FAB-8548-F7A3FEDFB0FC}"
EndProject
Project("{9A19103F-16F7-4668-BE54-9A1E7A4F7556}") = "FashDemo", "FashDemo\FashDemo.csproj", "{6DBCA1F0-A3E8-4DDD-B69D-14235F4AF122}"
EndProject
Project("{FAE04EC0-301F-11D3-BF4B-00C04F79EFBC}") = "QuestDemo", "QuestDemo\QuestDemo.csproj", "{950DBB1D-F751-4FF6-A813-51BE3A5FF244}"
EndProject
Global
	GlobalSection(SolutionConfigurationPlatforms) = preSolution
		Debug|Any CPU = Debug|Any CPU
		Release|Any CPU = Release|Any CPU
	EndGlobalSection
	GlobalSection(ProjectConfigurationPlatforms) = postSolution
		{A98C796C-B879-4FAB-8548-F7A3FEDFB0FC}.Debug|Any CPU.ActiveCfg = Debug|Any CPU
		{A98C796C-B879-4FAB-8548-F7A3FEDFB0FC}.Debug|Any CPU.Build.0 = Debug|Any CPU
		{A98C796C-B879-4FAB-8548-F7A3FEDFB0FC}.Release|Any CPU.ActiveCfg = Release|Any CPU
		{A98C796C-B879-4FAB-8548-F7A3FEDFB0FC}.Release|Any CPU.Build.0 = Release|Any CPU
		{6DBCA1F0-A3E8-4DDD-B69D-14235F4AF122}.Debug|Any CPU.ActiveCfg = Debug|Any CPU
		{6DBCA1F0-A3E8-4DDD-B69D-14235F4AF122}.Debug|Any CPU.Build.0 = Debug|Any CPU
		{6DBCA1F0-A3E8-4DDD-B69D-14235F4AF122}.Release|Any CPU.ActiveCfg = Release|Any CPU
		{6DBCA1F0-A3E8-4DDD-B69D-14235F4AF122}.Release|Any CPU.Build.0 = Release|Any CPU
		{950DBB1D-F751-4FF6-A813-51BE3A5FF244}.Debug|Any CPU.ActiveCfg = Debug|Any CPU
		{950DBB1D-F751-4FF6-A813-51BE3A5FF244}.Debug|Any CPU.Build.0 = Debug|Any CPU
		{950DBB1D-F751-4FF6-A813-51BE3A5FF244}.Release|Any CPU.ActiveCfg = Release|Any CPU
		{950DBB1D-F751-4FF6-A813-51BE3A5FF244}.Release|Any CPU.Build.0 = Release|Any CPU
	EndGlobalSection
	GlobalSection(SolutionProperties) = preSolution
		HideSolutionNode = FALSE
	EndGlobalSection
	GlobalSection(ExtensibilityGlobals) = postSolution
		SolutionGuid = {1C28CA15-C406-4BBE-87B2-AA15E8869D4F}
	EndGlobalSection
EndGlobal
